
Microsoft Visual Studio Solution File, Format Version 12.00
Project("{FAE04EC0-301F-11D3-BF4B-00C04F79EFBC}") = "VillaRent.API", "VillaRent.API\VillaRent.API.csproj", "{63618E05-7B1E-4091-B31D-590C394C5E8E}"
EndProject
Project("{FAE04EC0-301F-11D3-BF4B-00C04F79EFBC}") = "VillaRent.Web", "VillaRent.Web\VillaRent.Web.csproj", "{C58E10C9-FF40-464B-8CA8-95332670F897}"
EndProject
Project("{FAE04EC0-301F-11D3-BF4B-00C04F79EFBC}") = "VillaRent.WebUtilities", "VillaRent.WebUtilities\VillaRent.WebUtilities.csproj", "{17393E8E-9F54-4976-926D-97551801B789}"
EndProject
Project("{FAE04EC0-301F-11D3-BF4B-00C04F79EFBC}") = "VillaRent.Domain", "VillaRent.Domain\VillaRent.Domain.csproj", "{CC80799E-43DA-44C0-9304-B1568FAC4C54}"
EndProject
Project("{FAE04EC0-301F-11D3-BF4B-00C04F79EFBC}") = "VillaRent.Application", "VillaRent.Application\VillaRent.Application.csproj", "{BB105569-7B4B-43E2-9378-E9772CC1C39A}"
EndProject
Project("{FAE04EC0-301F-11D3-BF4B-00C04F79EFBC}") = "VillaRent.Persistence", "VillaRent.Persistence\VillaRent.Persistence.csproj", "{FD228427-79A3-4600-B584-E760E4AE8E00}"
EndProject
Project("{FAE04EC0-301F-11D3-BF4B-00C04F79EFBC}") = "VillaRent.Infrastructure", "VillaRent.Infrastructure\VillaRent.Infrastructure.csproj", "{A0E32B5D-3CCD-4F66-960D-951388E4A85A}"
EndProject
Project("{2150E333-8FDC-42A3-9474-1A3956D46DE8}") = "Solution Items", "Solution Items", "{8A3DD294-F241-4FC6-9609-575520750602}"
	ProjectSection(SolutionItems) = preProject
		docker-compose.yml = docker-compose.yml
	EndProjectSection
EndProject
Global
	GlobalSection(SolutionConfigurationPlatforms) = preSolution
		Debug|Any CPU = Debug|Any CPU
		Release|Any CPU = Release|Any CPU
	EndGlobalSection
	GlobalSection(ProjectConfigurationPlatforms) = postSolution
		{63618E05-7B1E-4091-B31D-590C394C5E8E}.Debug|Any CPU.ActiveCfg = Debug|Any CPU
		{63618E05-7B1E-4091-B31D-590C394C5E8E}.Debug|Any CPU.Build.0 = Debug|Any CPU
		{63618E05-7B1E-4091-B31D-590C394C5E8E}.Release|Any CPU.ActiveCfg = Release|Any CPU
		{63618E05-7B1E-4091-B31D-590C394C5E8E}.Release|Any CPU.Build.0 = Release|Any CPU
		{C58E10C9-FF40-464B-8CA8-95332670F897}.Debug|Any CPU.ActiveCfg = Debug|Any CPU
		{C58E10C9-FF40-464B-8CA8-95332670F897}.Debug|Any CPU.Build.0 = Debug|Any CPU
		{C58E10C9-FF40-464B-8CA8-95332670F897}.Release|Any CPU.ActiveCfg = Release|Any CPU
		{C58E10C9-FF40-464B-8CA8-95332670F897}.Release|Any CPU.Build.0 = Release|Any CPU
		{17393E8E-9F54-4976-926D-97551801B789}.Debug|Any CPU.ActiveCfg = Debug|Any CPU
		{17393E8E-9F54-4976-926D-97551801B789}.Debug|Any CPU.Build.0 = Debug|Any CPU
		{17393E8E-9F54-4976-926D-97551801B789}.Release|Any CPU.ActiveCfg = Release|Any CPU
		{17393E8E-9F54-4976-926D-97551801B789}.Release|Any CPU.Build.0 = Release|Any CPU
		{CC80799E-43DA-44C0-9304-B1568FAC4C54}.Debug|Any CPU.ActiveCfg = Debug|Any CPU
		{CC80799E-43DA-44C0-9304-B1568FAC4C54}.Debug|Any CPU.Build.0 = Debug|Any CPU
		{CC80799E-43DA-44C0-9304-B1568FAC4C54}.Release|Any CPU.ActiveCfg = Release|Any CPU
		{CC80799E-43DA-44C0-9304-B1568FAC4C54}.Release|Any CPU.Build.0 = Release|Any CPU
		{BB105569-7B4B-43E2-9378-E9772CC1C39A}.Debug|Any CPU.ActiveCfg = Debug|Any CPU
		{BB105569-7B4B-43E2-9378-E9772CC1C39A}.Debug|Any CPU.Build.0 = Debug|Any CPU
		{BB105569-7B4B-43E2-9378-E9772CC1C39A}.Release|Any CPU.ActiveCfg = Release|Any CPU
		{BB105569-7B4B-43E2-9378-E9772CC1C39A}.Release|Any CPU.Build.0 = Release|Any CPU
		{FD228427-79A3-4600-B584-E760E4AE8E00}.Debug|Any CPU.ActiveCfg = Debug|Any CPU
		{FD228427-79A3-4600-B584-E760E4AE8E00}.Debug|Any CPU.Build.0 = Debug|Any CPU
		{FD228427-79A3-4600-B584-E760E4AE8E00}.Release|Any CPU.ActiveCfg = Release|Any CPU
		{FD228427-79A3-4600-B584-E760E4AE8E00}.Release|Any CPU.Build.0 = Release|Any CPU
		{A0E32B5D-3CCD-4F66-960D-951388E4A85A}.Debug|Any CPU.ActiveCfg = Debug|Any CPU
		{A0E32B5D-3CCD-4F66-960D-951388E4A85A}.Debug|Any CPU.Build.0 = Debug|Any CPU
		{A0E32B5D-3CCD-4F66-960D-951388E4A85A}.Release|Any CPU.ActiveCfg = Release|Any CPU
		{A0E32B5D-3CCD-4F66-960D-951388E4A85A}.Release|Any CPU.Build.0 = Release|Any CPU
	EndGlobalSection
EndGlobal
